
Microsoft Visual Studio Solution File, Format Version 12.00
# Visual Studio 15
VisualStudioVersion = 15.0.28307.421
MinimumVisualStudioVersion = 10.0.40219.1
Project("{FAE04EC0-301F-11D3-BF4B-00C04F79EFBC}") = "Timer", "Timer\Timer.csproj", "{8A09909B-10ED-4F00-A2B5-883FF4D0C4F0}"
EndProject
Global
	GlobalSection(SolutionConfigurationPlatforms) = preSolution
		Debug|Any CPU = Debug|Any CPU
		Release|Any CPU = Release|Any CPU
	EndGlobalSection
	GlobalSection(ProjectConfigurationPlatforms) = postSolution
		{8A09909B-10ED-4F00-A2B5-883FF4D0C4F0}.Debug|Any CPU.ActiveCfg = Debug|Any CPU
		{8A09909B-10ED-4F00-A2B5-883FF4D0C4F0}.Debug|Any CPU.Build.0 = Debug|Any CPU
		{8A09909B-10ED-4F00-A2B5-883FF4D0C4F0}.Release|Any CPU.ActiveCfg = Release|Any CPU
		{8A09909B-10ED-4F00-A2B5-883FF4D0C4F0}.Release|Any CPU.Build.0 = Release|Any CPU
	EndGlobalSection
	GlobalSection(SolutionProperties) = preSolution
		HideSolutionNode = FALSE
	EndGlobalSection
	GlobalSection(ExtensibilityGlobals) = postSolution
		SolutionGuid = {6919B06D-CE8A-4B76-9ADB-12C9536B0A60}
	EndGlobalSection
EndGlobal
